Microsoft Visual Studio Solution File, Format Version 12.00
# Visual Studio Version 17
VisualStudioVersion = 17.5.2.0
MinimumVisualStudioVersion = 10.0.40219.1
Project("{FAE04EC0-301F-11D3-BF4B-00C04F79EFBC}") = "MarexDayTest", "MarexDayTest\MarexDayTest.csproj", "{CE01630D-8144-B9C5-7358-012AAB06A1BA}"
EndProject
Project("{FAE04EC0-301F-11D3-BF4B-00C04F79EFBC}") = "NUnitTests", "NUnitTests\NUnitTests.csproj", "{BFAD0323-60A7-8C46-1138-304A71A1013F}"
EndProject
Global
	GlobalSection(SolutionConfigurationPlatforms) = preSolution
		Debug|Any CPU = Debug|Any CPU
		Release|Any CPU = Release|Any CPU
	EndGlobalSection
	GlobalSection(ProjectConfigurationPlatforms) = postSolution
		{CE01630D-8144-B9C5-7358-012AAB06A1BA}.Debug|Any CPU.ActiveCfg = Debug|Any CPU
		{CE01630D-8144-B9C5-7358-012AAB06A1BA}.Debug|Any CPU.Build.0 = Debug|Any CPU
		{CE01630D-8144-B9C5-7358-012AAB06A1BA}.Release|Any CPU.ActiveCfg = Release|Any CPU
		{CE01630D-8144-B9C5-7358-012AAB06A1BA}.Release|Any CPU.Build.0 = Release|Any CPU
		{BFAD0323-60A7-8C46-1138-304A71A1013F}.Debug|Any CPU.ActiveCfg = Debug|Any CPU
		{BFAD0323-60A7-8C46-1138-304A71A1013F}.Debug|Any CPU.Build.0 = Debug|Any CPU
		{BFAD0323-60A7-8C46-1138-304A71A1013F}.Release|Any CPU.ActiveCfg = Release|Any CPU
		{BFAD0323-60A7-8C46-1138-304A71A1013F}.Release|Any CPU.Build.0 = Release|Any CPU
	EndGlobalSection
	GlobalSection(SolutionProperties) = preSolution
		HideSolutionNode = FALSE
	EndGlobalSection
	GlobalSection(ExtensibilityGlobals) = postSolution
		SolutionGuid = {4251AAE0-04F8-466C-8DC1-79B7819B7CA0}
	EndGlobalSection
EndGlobal
